// !$*UTF8*$!
{
	archiveVersion = 1;
	classes = {
	};
	objectVersion = 46;
	objects = {

/* Begin PBXBuildFile section */
		0190CDE517CB0B7C00F6543D /* UIKit.framework in Frameworks */ = {isa = PBXBuildFile; fileRef = 0190CDE417CB0B7C00F6543D /* UIKit.framework */; };
		0190CDE717CB0B7C00F6543D /* Foundation.framework in Frameworks */ = {isa = PBXBuildFile; fileRef = 0190CDE617CB0B7C00F6543D /* Foundation.framework */; };
		0190CDE917CB0B7C00F6543D /* CoreGraphics.framework in Frameworks */ = {isa = PBXBuildFile; fileRef = 0190CDE817CB0B7C00F6543D /* CoreGraphics.framework */; };
		0190CDEF17CB0B7C00F6543D /* InfoPlist.strings in Resources */ = {isa = PBXBuildFile; fileRef = 0190CDED17CB0B7C00F6543D /* InfoPlist.strings */; };
		0190CDF117CB0B7C00F6543D /* main.m in Sources */ = {isa = PBXBuildFile; fileRef = 0190CDF017CB0B7C00F6543D /* main.m */; };
		0190CDF517CB0B7C00F6543D /* AppDelegate.m in Sources */ = {isa = PBXBuildFile; fileRef = 0190CDF417CB0B7C00F6543D /* AppDelegate.m */; };
		0190CDF717CB0B7C00F6543D /* Default.png in Resources */ = {isa = PBXBuildFile; fileRef = 0190CDF617CB0B7C00F6543D /* Default.png */; };
		0190CDF917CB0B7C00F6543D /* Default@2x.png in Resources */ = {isa = PBXBuildFile; fileRef = 0190CDF817CB0B7C00F6543D /* Default@2x.png */; };
		0190CDFB17CB0B7C00F6543D /* Default-568h@2x.png in Resources */ = {isa = PBXBuildFile; fileRef = 0190CDFA17CB0B7C00F6543D /* Default-568h@2x.png */; };
		0190CDFE17CB0B7C00F6543D /* ViewController.m in Sources */ = {isa = PBXBuildFile; fileRef = 0190CDFD17CB0B7C00F6543D /* ViewController.m */; };
		0190CE0117CB0B7C00F6543D /* ViewController.xib in Resources */ = {isa = PBXBuildFile; fileRef = 0190CDFF17CB0B7C00F6543D /* ViewController.xib */; };
/* End PBXBuildFile section */

/* Begin PBXFileReference section */
		0190CDE117CB0B7C00F6543D /* HelloWorld.app */ = {isa = PBXFileReference; explicitFileType = wrapper.application; includeInIndex = 0; path = HelloWorld.app; sourceTree = BUILT_PRODUCTS_DIR; };
		0190CDE417CB0B7C00F6543D /* UIKit.framework */ = {isa = PBXFileReference; lastKnownFileType = wrapper.framework; name = UIKit.framework; path = System/Library/Frameworks/UIKit.framework; sourceTree = SDKROOT; };
		0190CDE617CB0B7C00F6543D /* Foundation.framework */ = {isa = PBXFileReference; lastKnownFileType = wrapper.framework; name = Foundation.framework; path = System/Library/Frameworks/Foundation.framework; sourceTree = SDKROOT; };
		0190CDE817CB0B7C00F6543D /* CoreGraphics.framework */ = {isa = PBXFileReference; lastKnownFileType = wrapper.framework; name = CoreGraphics.framework; path = System/Library/Frameworks/CoreGraphics.framework; sourceTree = SDKROOT; };
		0190CDEC17CB0B7C00F6543D /* HelloWorld-Info.plist */ = {isa = PBXFileReference; lastKnownFileType = text.plist.xml; path = "HelloWorld-Info.plist"; sourceTree = "<group>"; };
		0190CDEE17CB0B7C00F6543D /* en */ = {isa = PBXFileReference; lastKnownFileType = text.plist.strings; name = en; path = en.lproj/InfoPlist.strings; sourceTree = "<group>"; };
		0190CDF017CB0B7C00F6543D /* main.m */ = {isa = PBXFileReference; lastKnownFileType = sourcecode.c.objc; path = main.m; sourceTree = "<group>"; };
		0190CDF217CB0B7C00F6543D /* HelloWorld-Prefix.pch */ = {isa = PBXFileReference; lastKnownFileType = sourcecode.c.h; path = "HelloWorld-Prefix.pch"; sourceTree = "<group>"; };
		0190CDF317CB0B7C00F6543D /* AppDelegate.h */ = {isa = PBXFileReference; lastKnownFileType = sourcecode.c.h; path = AppDelegate.h; sourceTree = "<group>"; };
		0190CDF417CB0B7C00F6543D /* AppDelegate.m */ = {isa = PBXFileReference; lastKnownFileType = sourcecode.c.objc; path = AppDelegate.m; sourceTree = "<group>"; };
		0190CDF617CB0B7C00F6543D /* Default.png */ = {isa = PBXFileReference; lastKnownFileType = image.png; path = Default.png; sourceTree = "<group>"; };
		0190CDF817CB0B7C00F6543D /* Default@2x.png */ = {isa = PBXFileReference; lastKnownFileType = image.png; path = "Default@2x.png"; sourceTree = "<group>"; };
		0190CDFA17CB0B7C00F6543D /* Default-568h@2x.png */ = {isa = PBXFileReference; lastKnownFileType = image.png; path = "Default-568h@2x.png"; sourceTree = "<group>"; };
		0190CDFC17CB0B7C00F6543D /* ViewController.h */ = {isa = PBXFileReference; lastKnownFileType = sourcecode.c.h; path = ViewController.h; sourceTree = "<group>"; };
		0190CDFD17CB0B7C00F6543D /* ViewController.m */ = {isa = PBXFileReference; lastKnownFileType = sourcecode.c.objc; path = ViewController.m; sourceTree = "<group>"; };
		0190CE0017CB0B7C00F6543D /* en */ = {isa = PBXFileReference; lastKnownFileType = file.xib; name = en; path = en.lproj/ViewController.xib; sourceTree = "<group>"; };
/* End PBXFileReference section */

/* Begin PBXFrameworksBuildPhase section */
		0190CDDE17CB0B7C00F6543D /* Frameworks */ = {
			isa = PBXFrameworksBuildPhase;
			buildActionMask = 2147483647;
			files = (
				0190CDE517CB0B7C00F6543D /* UIKit.framework in Frameworks */,
				0190CDE717CB0B7C00F6543D /* Foundation.framework in Frameworks */,
				0190CDE917CB0B7C00F6543D /* CoreGraphics.framework in Frameworks */,
			);
			runOnlyForDeploymentPostprocessing = 0;
		};
/* End PBXFrameworksBuildPhase section */

/* Begin PBXGroup section */
		0190CDD817CB0B7C00F6543D = {
			isa = PBXGroup;
			children = (
				0190CDEA17CB0B7C00F6543D /* HelloWorld */,
				0190CDE317CB0B7C00F6543D /* Frameworks */,
				0190CDE217CB0B7C00F6543D /* Products */,
			);
			sourceTree = "<group>";
		};
		0190CDE217CB0B7C00F6543D /* Products */ = {
			isa = PBXGroup;
			children = (
				0190CDE117CB0B7C00F6543D /* HelloWorld.app */,
			);
			name = Products;
			sourceTree = "<group>";
		};
		0190CDE317CB0B7C00F6543D /* Frameworks */ = {
			isa = PBXGroup;
			children = (
				0190CDE417CB0B7C00F6543D /* UIKit.framework */,
				0190CDE617CB0B7C00F6543D /* Foundation.framework */,
				0190CDE817CB0B7C00F6543D /* CoreGraphics.framework */,
			);
			name = Frameworks;
			sourceTree = "<group>";
		};
		0190CDEA17CB0B7C00F6543D /* HelloWorld */ = {
			isa = PBXGroup;
			children = (
				0190CDF317CB0B7C00F6543D /* AppDelegate.h */,
				0190CDF417CB0B7C00F6543D /* AppDelegate.m */,
				0190CDFC17CB0B7C00F6543D /* ViewController.h */,
				0190CDFD17CB0B7C00F6543D /* ViewController.m */,
				0190CDFF17CB0B7C00F6543D /* ViewController.xib */,
				0190CDEB17CB0B7C00F6543D /* Supporting Files */,
			);
			path = HelloWorld;
			sourceTree = "<group>";
		};
		0190CDEB17CB0B7C00F6543D /* Supporting Files */ = {
			isa = PBXGroup;
			children = (
				0190CDEC17CB0B7C00F6543D /* HelloWorld-Info.plist */,
				0190CDED17CB0B7C00F6543D /* InfoPlist.strings */,
				0190CDF017CB0B7C00F6543D /* main.m */,
				0190CDF217CB0B7C00F6543D /* HelloWorld-Prefix.pch */,
				0190CDF617CB0B7C00F6543D /* Default.png */,
				0190CDF817CB0B7C00F6543D /* Default@2x.png */,
				0190CDFA17CB0B7C00F6543D /* Default-568h@2x.png */,
			);
			name = "Supporting Files";
			sourceTree = "<group>";
		};
/* End PBXGroup section */

/* Begin PBXNativeTarget section */
		0190CDE017CB0B7C00F6543D /* HelloWorld */ = {
			isa = PBXNativeTarget;
			buildConfigurationList = 0190CE0417CB0B7C00F6543D /* Build configuration list for PBXNativeTarget "HelloWorld" */;
			buildPhases = (
				0190CDDD17CB0B7C00F6543D /* Sources */,
				0190CDDE17CB0B7C00F6543D /* Frameworks */,
				0190CDDF17CB0B7C00F6543D /* Resources */,
			);
			buildRules = (
			);
			dependencies = (
			);
			name = HelloWorld;
			productName = HelloWorld;
			productReference = 0190CDE117CB0B7C00F6543D /* HelloWorld.app */;
			productType = "com.apple.product-type.application";
		};
/* End PBXNativeTarget section */

/* Begin PBXProject section */
		0190CDD917CB0B7C00F6543D /* Project object */ = {
			isa = PBXProject;
			attributes = {
				LastUpgradeCheck = 0460;
				ORGANIZATIONNAME = "NAVEEN ";
			};
			buildConfigurationList = 0190CDDC17CB0B7C00F6543D /* Build configuration list for PBXProject "HelloWorld" */;
			compatibilityVersion = "Xcode 3.2";
			developmentRegion = English;
			hasScannedForEncodings = 0;
			knownRegions = (
				en,
			);
			mainGroup = 0190CDD817CB0B7C00F6543D;
			productRefGroup = 0190CDE217CB0B7C00F6543D /* Products */;
			projectDirPath = "";
			projectRoot = "";
			targets = (
				0190CDE017CB0B7C00F6543D /* HelloWorld */,
			);
		};
/* End PBXProject section */

/* Begin PBXResourcesBuildPhase section */
		0190CDDF17CB0B7C00F6543D /* Resources */ = {
			isa = PBXResourcesBuildPhase;
			buildActionMask = 2147483647;
			files = (
				0190CDEF17CB0B7C00F6543D /* InfoPlist.strings in Resources */,
				0190CDF717CB0B7C00F6543D /* Default.png in Resources */,
				0190CDF917CB0B7C00F6543D /* Default@2x.png in Resources */,
				0190CDFB17CB0B7C00F6543D /* Default-568h@2x.png in Resources */,
				0190CE0117CB0B7C00F6543D /* ViewController.xib in Resources */,
			);
			runOnlyForDeploymentPostprocessing = 0;
		};
/* End PBXResourcesBuildPhase section */

/* Begin PBXSourcesBuildPhase section */
		0190CDDD17CB0B7C00F6543D /* Sources */ = {
			isa = PBXSourcesBuildPhase;
			buildActionMask = 2147483647;
			files = (
				0190CDF117CB0B7C00F6543D /* main.m in Sources */,
				0190CDF517CB0B7C00F6543D /* AppDelegate.m in Sources */,
				0190CDFE17CB0B7C00F6543D /* ViewController.m in Sources */,
			);
			runOnlyForDeploymentPostprocessing = 0;
		};
/* End PBXSourcesBuildPhase section */

/* Begin PBXVariantGroup section */
		0190CDED17CB0B7C00F6543D /* InfoPlist.strings */ = {
			isa = PBXVariantGroup;
			children = (
				0190CDEE17CB0B7C00F6543D /* en */,
			);
			name = InfoPlist.strings;
			sourceTree = "<group>";
		};
		0190CDFF17CB0B7C00F6543D /* ViewController.xib */ = {
			isa = PBXVariantGroup;
			children = (
				0190CE0017CB0B7C00F6543D /* en */,
			);
			name = ViewController.xib;
			sourceTree = "<group>";
		};
/* End PBXVariantGroup section */

/* Begin XCBuildConfiguration section */
		0190CE0217CB0B7C00F6543D /* Debug */ = {
			isa = XCBuildConfiguration;
			buildSettings = {
				ALWAYS_SEARCH_USER_PATHS = NO;
				CLANG_CXX_LANGUAGE_STANDARD = "gnu++0x";
				CLANG_CXX_LIBRARY = "libc++";
				CLANG_ENABLE_OBJC_ARC = YES;
				CLANG_WARN_CONSTANT_CONVERSION = YES;
				CLANG_WARN_EMPTY_BODY = YES;
				CLANG_WARN_ENUM_CONVERSION = YES;
				CLANG_WARN_INT_CONVERSION = YES;
				CLANG_WARN__DUPLICATE_METHOD_MATCH = YES;
				"CODE_SIGN_IDENTITY[sdk=iphoneos*]" = "iPhone Developer";
				COPY_PHASE_STRIP = NO;
				GCC_C_LANGUAGE_STANDARD = gnu99;
				GCC_DYNAMIC_NO_PIC = NO;
				GCC_OPTIMIZATION_LEVEL = 0;
				GCC_PREPROCESSOR_DEFINITIONS = (
					"DEBUG=1",
					"$(inherited)",
				);
				GCC_SYMBOLS_PRIVATE_EXTERN = NO;
				GCC_WARN_ABOUT_RETURN_TYPE = YES;
				GCC_WARN_UNINITIALIZED_AUTOS = YES;
				GCC_WARN_UNUSED_VARIABLE = YES;
				IPHONEOS_DEPLOYMENT_TARGET = 6.1;
				ONLY_ACTIVE_ARCH = YES;
				SDKROOT = iphoneos;
			};
			name = Debug;
		};
		0190CE0317CB0B7C00F6543D /* Release */ = {
			isa = XCBuildConfiguration;
			buildSettings = {
				ALWAYS_SEARCH_USER_PATHS = NO;
				CLANG_CXX_LANGUAGE_STANDARD = "gnu++0x";
				CLANG_CXX_LIBRARY = "libc++";
				CLANG_ENABLE_OBJC_ARC = YES;
				CLANG_WARN_CONSTANT_CONVERSION = YES;
				CLANG_WARN_EMPTY_BODY = YES;
				CLANG_WARN_ENUM_CONVERSION = YES;
				CLANG_WARN_INT_CONVERSION = YES;
				CLANG_WARN__DUPLICATE_METHOD_MATCH = YES;
				"CODE_SIGN_IDENTITY[sdk=iphoneos*]" = "iPhone Developer";
				COPY_PHASE_STRIP = YES;
				GCC_C_LANGUAGE_STANDARD = gnu99;
				GCC_WARN_ABOUT_RETURN_TYPE = YES;
				GCC_WARN_UNINITIALIZED_AUTOS = YES;
				GCC_WARN_UNUSED_VARIABLE = YES;
				IPHONEOS_DEPLOYMENT_TARGET = 6.1;
				OTHER_CFLAGS = "-DNS_BLOCK_ASSERTIONS=1";
				SDKROOT = iphoneos;
				VALIDATE_PRODUCT = YES;
			};
			name = Release;
		};
		0190CE0517CB0B7C00F6543D /* Debug */ = {
			isa = XCBuildConfiguration;
			buildSettings = {
				GCC_PRECOMPILE_PREFIX_HEADER = YES;
				GCC_PREFIX_HEADER = "HelloWorld/HelloWorld-Prefix.pch";
				INFOPLIST_FILE = "HelloWorld/HelloWorld-Info.plist";
				PRODUCT_NAME = "$(TARGET_NAME)";
				WRAPPER_EXTENSION = app;
			};
			name = Debug;
		};
		0190CE0617CB0B7C00F6543D /* Release */ = {
			isa = XCBuildConfiguration;
			buildSettings = {
				GCC_PRECOMPILE_PREFIX_HEADER = YES;
				GCC_PREFIX_HEADER = "HelloWorld/HelloWorld-Prefix.pch";
				INFOPLIST_FILE = "HelloWorld/HelloWorld-Info.plist";
				PRODUCT_NAME = "$(TARGET_NAME)";
				WRAPPER_EXTENSION = app;
			};
			name = Release;
		};
/* End XCBuildConfiguration section */

/* Begin XCConfigurationList section */
		0190CDDC17CB0B7C00F6543D /* Build configuration list for PBXProject "HelloWorld" */ = {
			isa = XCConfigurationList;
			buildConfigurations = (
				0190CE0217CB0B7C00F6543D /* Debug */,
				0190CE0317CB0B7C00F6543D /* Release */,
			);
			defaultConfigurationIsVisible = 0;
			defaultConfigurationName = Release;
		};
		0190CE0417CB0B7C00F6543D /* Build configuration list for PBXNativeTarget "HelloWorld" */ = {
			isa = XCConfigurationList;
			buildConfigurations = (
				0190CE0517CB0B7C00F6543D /* Debug */,
				0190CE0617CB0B7C00F6543D /* Release */,
			);
			defaultConfigurationIsVisible = 0;
		};
/* End XCConfigurationList section */
	};
	rootObject = 0190CDD917CB0B7C00F6543D /* Project object */;
}
